
Microsoft Visual Studio Solution File, Format Version 12.00
Project("{FAE04EC0-301F-11D3-BF4B-00C04F79EFBC}") = "Multithreading.Console", "Multithreading.Console.csproj", "{C063792D-CA69-4625-8745-9463BEF79FBE}"
EndProject
Global
	GlobalSection(SolutionConfigurationPlatforms) = preSolution
		Debug|Any CPU = Debug|Any CPU
		Release|Any CPU = Release|Any CPU
	EndGlobalSection
	GlobalSection(ProjectConfigurationPlatforms) = postSolution
		{C063792D-CA69-4625-8745-9463BEF79FBE}.Debug|Any CPU.ActiveCfg = Debug|Any CPU
		{C063792D-CA69-4625-8745-9463BEF79FBE}.Debug|Any CPU.Build.0 = Debug|Any CPU
		{C063792D-CA69-4625-8745-9463BEF79FBE}.Release|Any CPU.ActiveCfg = Release|Any CPU
		{C063792D-CA69-4625-8745-9463BEF79FBE}.Release|Any CPU.Build.0 = Release|Any CPU
	EndGlobalSection
EndGlobal
